
Microsoft Visual Studio Solution File, Format Version 12.00
# Visual Studio Version 17
VisualStudioVersion = 17.1.32414.318
MinimumVisualStudioVersion = 10.0.40219.1
Project("{FAE04EC0-301F-11D3-BF4B-00C04F79EFBC}") = "лаба 7 2", "лаба 7 2\лаба 7 2.csproj", "{3BA65FF8-8AAF-4C80-A38F-60E7AB083FA3}"
EndProject
Global
	GlobalSection(SolutionConfigurationPlatforms) = preSolution
		Debug|Any CPU = Debug|Any CPU
		Release|Any CPU = Release|Any CPU
	EndGlobalSection
	GlobalSection(ProjectConfigurationPlatforms) = postSolution
		{3BA65FF8-8AAF-4C80-A38F-60E7AB083FA3}.Debug|Any CPU.ActiveCfg = Debug|Any CPU
		{3BA65FF8-8AAF-4C80-A38F-60E7AB083FA3}.Debug|Any CPU.Build.0 = Debug|Any CPU
		{3BA65FF8-8AAF-4C80-A38F-60E7AB083FA3}.Release|Any CPU.ActiveCfg = Release|Any CPU
		{3BA65FF8-8AAF-4C80-A38F-60E7AB083FA3}.Release|Any CPU.Build.0 = Release|Any CPU
	EndGlobalSection
	GlobalSection(SolutionProperties) = preSolution
		HideSolutionNode = FALSE
	EndGlobalSection
	GlobalSection(ExtensibilityGlobals) = postSolution
		SolutionGuid = {17D60241-AF32-475C-AC42-E0D319E2580D}
	EndGlobalSection
EndGlobal
