
Microsoft Visual Studio Solution File, Format Version 12.00
# Visual Studio Version 17
VisualStudioVersion = 17.1.32414.318
MinimumVisualStudioVersion = 10.0.40219.1
Project("{FAE04EC0-301F-11D3-BF4B-00C04F79EFBC}") = "ConsoleApp1", "ConsoleApp1\ConsoleApp1.csproj", "{5C15CC45-D490-42DA-8A39-C7B4F0283536}"
EndProject
Global
	GlobalSection(SolutionConfigurationPlatforms) = preSolution
		Debug|Any CPU = Debug|Any CPU
		Release|Any CPU = Release|Any CPU
	EndGlobalSection
	GlobalSection(ProjectConfigurationPlatforms) = postSolution
		{5C15CC45-D490-42DA-8A39-C7B4F0283536}.Debug|Any CPU.ActiveCfg = Debug|Any CPU
		{5C15CC45-D490-42DA-8A39-C7B4F0283536}.Debug|Any CPU.Build.0 = Debug|Any CPU
		{5C15CC45-D490-42DA-8A39-C7B4F0283536}.Release|Any CPU.ActiveCfg = Release|Any CPU
		{5C15CC45-D490-42DA-8A39-C7B4F0283536}.Release|Any CPU.Build.0 = Release|Any CPU
	EndGlobalSection
	GlobalSection(SolutionProperties) = preSolution
		HideSolutionNode = FALSE
	EndGlobalSection
	GlobalSection(ExtensibilityGlobals) = postSolution
		SolutionGuid = {71F05F6F-DD28-4ED9-A52E-A8104760F586}
	EndGlobalSection
EndGlobal
