
Microsoft Visual Studio Solution File, Format Version 12.00
# Visual Studio Version 16
VisualStudioVersion = 16.0.30621.155
MinimumVisualStudioVersion = 10.0.40219.1
Project("{FAE04EC0-301F-11D3-BF4B-00C04F79EFBC}") = "WpfAnimation", "WpfAnimation\WpfAnimation.csproj", "{75E6351C-94D9-4D65-BCBF-D70667DA1F54}"
EndProject
Global
	GlobalSection(SolutionConfigurationPlatforms) = preSolution
		Debug|Any CPU = Debug|Any CPU
		Release|Any CPU = Release|Any CPU
	EndGlobalSection
	GlobalSection(ProjectConfigurationPlatforms) = postSolution
		{75E6351C-94D9-4D65-BCBF-D70667DA1F54}.Debug|Any CPU.ActiveCfg = Debug|Any CPU
		{75E6351C-94D9-4D65-BCBF-D70667DA1F54}.Debug|Any CPU.Build.0 = Debug|Any CPU
		{75E6351C-94D9-4D65-BCBF-D70667DA1F54}.Release|Any CPU.ActiveCfg = Release|Any CPU
		{75E6351C-94D9-4D65-BCBF-D70667DA1F54}.Release|Any CPU.Build.0 = Release|Any CPU
	EndGlobalSection
	GlobalSection(SolutionProperties) = preSolution
		HideSolutionNode = FALSE
	EndGlobalSection
	GlobalSection(ExtensibilityGlobals) = postSolution
		SolutionGuid = {14A765A6-17B3-4F46-988E-ECC01ECFE219}
	EndGlobalSection
EndGlobal
