
Microsoft Visual Studio Solution File, Format Version 12.00
# Visual Studio Version 17
VisualStudioVersion = 17.6.33717.318
MinimumVisualStudioVersion = 10.0.40219.1
Project("{FAE04EC0-301F-11D3-BF4B-00C04F79EFBC}") = "19", "19\19.csproj", "{161EC556-6C6F-41A0-918E-4A457B1CE56D}"
EndProject
Global
	GlobalSection(SolutionConfigurationPlatforms) = preSolution
		Debug|Any CPU = Debug|Any CPU
		Release|Any CPU = Release|Any CPU
	EndGlobalSection
	GlobalSection(ProjectConfigurationPlatforms) = postSolution
		{161EC556-6C6F-41A0-918E-4A457B1CE56D}.Debug|Any CPU.ActiveCfg = Debug|Any CPU
		{161EC556-6C6F-41A0-918E-4A457B1CE56D}.Debug|Any CPU.Build.0 = Debug|Any CPU
		{161EC556-6C6F-41A0-918E-4A457B1CE56D}.Release|Any CPU.ActiveCfg = Release|Any CPU
		{161EC556-6C6F-41A0-918E-4A457B1CE56D}.Release|Any CPU.Build.0 = Release|Any CPU
	EndGlobalSection
	GlobalSection(SolutionProperties) = preSolution
		HideSolutionNode = FALSE
	EndGlobalSection
	GlobalSection(ExtensibilityGlobals) = postSolution
		SolutionGuid = {89B00B94-75C0-402D-9164-331AFC5E3BB8}
	EndGlobalSection
EndGlobal
