
Microsoft Visual Studio Solution File, Format Version 12.00
# Visual Studio Version 17
VisualStudioVersion = 17.1.32414.318
MinimumVisualStudioVersion = 10.0.40219.1
Project("{FAE04EC0-301F-11D3-BF4B-00C04F79EFBC}") = "лаба 6", "лаба 6\лаба 6.csproj", "{6041432D-DC8A-491D-9E09-7656D64C860A}"
EndProject
Global
	GlobalSection(SolutionConfigurationPlatforms) = preSolution
		Debug|Any CPU = Debug|Any CPU
		Release|Any CPU = Release|Any CPU
	EndGlobalSection
	GlobalSection(ProjectConfigurationPlatforms) = postSolution
		{6041432D-DC8A-491D-9E09-7656D64C860A}.Debug|Any CPU.ActiveCfg = Debug|Any CPU
		{6041432D-DC8A-491D-9E09-7656D64C860A}.Debug|Any CPU.Build.0 = Debug|Any CPU
		{6041432D-DC8A-491D-9E09-7656D64C860A}.Release|Any CPU.ActiveCfg = Release|Any CPU
		{6041432D-DC8A-491D-9E09-7656D64C860A}.Release|Any CPU.Build.0 = Release|Any CPU
	EndGlobalSection
	GlobalSection(SolutionProperties) = preSolution
		HideSolutionNode = FALSE
	EndGlobalSection
	GlobalSection(ExtensibilityGlobals) = postSolution
		SolutionGuid = {1478A32A-145D-4902-BC49-B7528936AF3E}
	EndGlobalSection
EndGlobal
