
Microsoft Visual Studio Solution File, Format Version 12.00
# Visual Studio Version 16
VisualStudioVersion = 16.0.31729.503
MinimumVisualStudioVersion = 10.0.40219.1
Project("{FAE04EC0-301F-11D3-BF4B-00C04F79EFBC}") = "лаба 5", "лаба 5.csproj", "{CF278523-35D1-42FC-847A-2832A91BF8E0}"
EndProject
Global
	GlobalSection(SolutionConfigurationPlatforms) = preSolution
		Debug|Any CPU = Debug|Any CPU
		Release|Any CPU = Release|Any CPU
	EndGlobalSection
	GlobalSection(ProjectConfigurationPlatforms) = postSolution
		{CF278523-35D1-42FC-847A-2832A91BF8E0}.Debug|Any CPU.ActiveCfg = Debug|Any CPU
		{CF278523-35D1-42FC-847A-2832A91BF8E0}.Debug|Any CPU.Build.0 = Debug|Any CPU
		{CF278523-35D1-42FC-847A-2832A91BF8E0}.Release|Any CPU.ActiveCfg = Release|Any CPU
		{CF278523-35D1-42FC-847A-2832A91BF8E0}.Release|Any CPU.Build.0 = Release|Any CPU
	EndGlobalSection
	GlobalSection(SolutionProperties) = preSolution
		HideSolutionNode = FALSE
	EndGlobalSection
	GlobalSection(ExtensibilityGlobals) = postSolution
		SolutionGuid = {9E36682C-DD77-40A5-97B1-FBAE62E6692B}
	EndGlobalSection
EndGlobal
