
Microsoft Visual Studio Solution File, Format Version 12.00
# Visual Studio Version 16
VisualStudioVersion = 16.0.31727.386
MinimumVisualStudioVersion = 10.0.40219.1
Project("{FAE04EC0-301F-11D3-BF4B-00C04F79EFBC}") = "задание 3", "задание 3\задание 3.csproj", "{802E8451-4733-4884-BDF3-5BD625A27852}"
EndProject
Global
	GlobalSection(SolutionConfigurationPlatforms) = preSolution
		Debug|Any CPU = Debug|Any CPU
		Release|Any CPU = Release|Any CPU
	EndGlobalSection
	GlobalSection(ProjectConfigurationPlatforms) = postSolution
		{802E8451-4733-4884-BDF3-5BD625A27852}.Debug|Any CPU.ActiveCfg = Debug|Any CPU
		{802E8451-4733-4884-BDF3-5BD625A27852}.Debug|Any CPU.Build.0 = Debug|Any CPU
		{802E8451-4733-4884-BDF3-5BD625A27852}.Release|Any CPU.ActiveCfg = Release|Any CPU
		{802E8451-4733-4884-BDF3-5BD625A27852}.Release|Any CPU.Build.0 = Release|Any CPU
	EndGlobalSection
	GlobalSection(SolutionProperties) = preSolution
		HideSolutionNode = FALSE
	EndGlobalSection
	GlobalSection(ExtensibilityGlobals) = postSolution
		SolutionGuid = {0783E419-6375-40F8-BAA5-B4DBD57E8C75}
	EndGlobalSection
EndGlobal
