
Microsoft Visual Studio Solution File, Format Version 12.00
# Visual Studio Version 16
VisualStudioVersion = 16.0.31727.386
MinimumVisualStudioVersion = 10.0.40219.1
Project("{FAE04EC0-301F-11D3-BF4B-00C04F79EFBC}") = "ВОПРОСЫ, ОТВЕТЫ", "ВОПРОСЫ, ОТВЕТЫ\ВОПРОСЫ, ОТВЕТЫ.csproj", "{605ABD1C-1811-4BE6-BFF5-8BCF6873AB13}"
EndProject
Project("{2150E333-8FDC-42A3-9474-1A3956D46DE8}") = "Solution Items", "Solution Items", "{38D3CA66-3D08-4E7A-9304-DF79FFCC4D96}"
	ProjectSection(SolutionItems) = preProject
		.editorconfig = .editorconfig
	EndProjectSection
EndProject
Global
	GlobalSection(SolutionConfigurationPlatforms) = preSolution
		Debug|Any CPU = Debug|Any CPU
		Release|Any CPU = Release|Any CPU
	EndGlobalSection
	GlobalSection(ProjectConfigurationPlatforms) = postSolution
		{605ABD1C-1811-4BE6-BFF5-8BCF6873AB13}.Debug|Any CPU.ActiveCfg = Debug|Any CPU
		{605ABD1C-1811-4BE6-BFF5-8BCF6873AB13}.Debug|Any CPU.Build.0 = Debug|Any CPU
		{605ABD1C-1811-4BE6-BFF5-8BCF6873AB13}.Release|Any CPU.ActiveCfg = Release|Any CPU
		{605ABD1C-1811-4BE6-BFF5-8BCF6873AB13}.Release|Any CPU.Build.0 = Release|Any CPU
	EndGlobalSection
	GlobalSection(SolutionProperties) = preSolution
		HideSolutionNode = FALSE
	EndGlobalSection
	GlobalSection(ExtensibilityGlobals) = postSolution
		SolutionGuid = {9A3E8E0E-4BC5-4793-9E63-46040AEF6750}
	EndGlobalSection
EndGlobal
