
Microsoft Visual Studio Solution File, Format Version 12.00
# Visual Studio Version 16
VisualStudioVersion = 16.0.31729.503
MinimumVisualStudioVersion = 10.0.40219.1
Project("{FAE04EC0-301F-11D3-BF4B-00C04F79EFBC}") = "laboratornaya15-2", "laboratornaya15-2.csproj", "{9602E0C1-9A09-4391-B068-A3111B0C859C}"
EndProject
Global
	GlobalSection(SolutionConfigurationPlatforms) = preSolution
		Debug|Any CPU = Debug|Any CPU
		Release|Any CPU = Release|Any CPU
	EndGlobalSection
	GlobalSection(ProjectConfigurationPlatforms) = postSolution
		{9602E0C1-9A09-4391-B068-A3111B0C859C}.Debug|Any CPU.ActiveCfg = Debug|Any CPU
		{9602E0C1-9A09-4391-B068-A3111B0C859C}.Debug|Any CPU.Build.0 = Debug|Any CPU
		{9602E0C1-9A09-4391-B068-A3111B0C859C}.Release|Any CPU.ActiveCfg = Release|Any CPU
		{9602E0C1-9A09-4391-B068-A3111B0C859C}.Release|Any CPU.Build.0 = Release|Any CPU
	EndGlobalSection
	GlobalSection(SolutionProperties) = preSolution
		HideSolutionNode = FALSE
	EndGlobalSection
	GlobalSection(ExtensibilityGlobals) = postSolution
		SolutionGuid = {D03106AC-1BE6-43DF-8977-3F77A02FA998}
	EndGlobalSection
EndGlobal
