
Microsoft Visual Studio Solution File, Format Version 12.00
# Visual Studio Version 17
VisualStudioVersion = 17.1.32328.378
MinimumVisualStudioVersion = 10.0.40219.1
Project("{FAE04EC0-301F-11D3-BF4B-00C04F79EFBC}") = "25", "25\25.csproj", "{D66E7C07-D808-4DF6-8806-7436302A9FFB}"
EndProject
Global
	GlobalSection(SolutionConfigurationPlatforms) = preSolution
		Debug|Any CPU = Debug|Any CPU
		Release|Any CPU = Release|Any CPU
	EndGlobalSection
	GlobalSection(ProjectConfigurationPlatforms) = postSolution
		{D66E7C07-D808-4DF6-8806-7436302A9FFB}.Debug|Any CPU.ActiveCfg = Debug|Any CPU
		{D66E7C07-D808-4DF6-8806-7436302A9FFB}.Debug|Any CPU.Build.0 = Debug|Any CPU
		{D66E7C07-D808-4DF6-8806-7436302A9FFB}.Release|Any CPU.ActiveCfg = Release|Any CPU
		{D66E7C07-D808-4DF6-8806-7436302A9FFB}.Release|Any CPU.Build.0 = Release|Any CPU
	EndGlobalSection
	GlobalSection(SolutionProperties) = preSolution
		HideSolutionNode = FALSE
	EndGlobalSection
	GlobalSection(ExtensibilityGlobals) = postSolution
		SolutionGuid = {6D4707F9-4A70-4043-B8CF-076A4845AC4A}
	EndGlobalSection
EndGlobal
