
Microsoft Visual Studio Solution File, Format Version 12.00
# Visual Studio Version 16
VisualStudioVersion = 16.0.33214.272
MinimumVisualStudioVersion = 10.0.40219.1
Project("{FAE04EC0-301F-11D3-BF4B-00C04F79EFBC}") = "лаба 11", "лаба 11\лаба 11.csproj", "{BE79DB0E-2566-4D99-9EE9-CD247DC827F4}"
EndProject
Global
	GlobalSection(SolutionConfigurationPlatforms) = preSolution
		Debug|Any CPU = Debug|Any CPU
		Release|Any CPU = Release|Any CPU
	EndGlobalSection
	GlobalSection(ProjectConfigurationPlatforms) = postSolution
		{BE79DB0E-2566-4D99-9EE9-CD247DC827F4}.Debug|Any CPU.ActiveCfg = Debug|Any CPU
		{BE79DB0E-2566-4D99-9EE9-CD247DC827F4}.Debug|Any CPU.Build.0 = Debug|Any CPU
		{BE79DB0E-2566-4D99-9EE9-CD247DC827F4}.Release|Any CPU.ActiveCfg = Release|Any CPU
		{BE79DB0E-2566-4D99-9EE9-CD247DC827F4}.Release|Any CPU.Build.0 = Release|Any CPU
	EndGlobalSection
	GlobalSection(SolutionProperties) = preSolution
		HideSolutionNode = FALSE
	EndGlobalSection
	GlobalSection(ExtensibilityGlobals) = postSolution
		SolutionGuid = {9DA8C1AD-F99B-48F5-816F-C1BAE00F169F}
	EndGlobalSection
EndGlobal
